
Microsoft Visual Studio Solution File, Format Version 12.00
Project("{FAE04EC0-301F-11D3-BF4B-00C04F79EFBC}") = "analitics-server", "analitics-server\analitics-server.csproj", "{950428D9-EBFB-457C-A043-F86D96D20B69}"
EndProject
Global
	GlobalSection(SolutionConfigurationPlatforms) = preSolution
		Debug|Any CPU = Debug|Any CPU
		Release|Any CPU = Release|Any CPU
	EndGlobalSection
	GlobalSection(ProjectConfigurationPlatforms) = postSolution
		{950428D9-EBFB-457C-A043-F86D96D20B69}.Debug|Any CPU.ActiveCfg = Debug|Any CPU
		{950428D9-EBFB-457C-A043-F86D96D20B69}.Debug|Any CPU.Build.0 = Debug|Any CPU
		{950428D9-EBFB-457C-A043-F86D96D20B69}.Release|Any CPU.ActiveCfg = Release|Any CPU
		{950428D9-EBFB-457C-A043-F86D96D20B69}.Release|Any CPU.Build.0 = Release|Any CPU
	EndGlobalSection
EndGlobal
